{
  "name": "jackie",
  "lockfileVersion": 3,
  "requires": true,
  "packages": {
    "": {
      "dependencies": {
        "@netlify/plugin-nextjs": "^5.13.3"
      }
    },
    "node_modules/@netlify/plugin-nextjs": {
      "version": "5.13.3",
      "resolved": "https://registry.npmjs.org/@netlify/plugin-nextjs/-/plugin-nextjs-5.13.3.tgz",
      "integrity": "sha512-QIEsiTLEySyXroAOhstY01xROokOFojTkhzqhewQAMddbqDrVaCUI6w649R/1MJ0XcD6cB3se/dn8KJXh40HLw==",
      "engines": {
        "node": ">=18.0.0"
      }
    }
  }
}
